
Microsoft Visual Studio Solution File, Format Version 12.00
# Visual Studio 15
VisualStudioVersion = 15.0.26430.13
MinimumVisualStudioVersion = 10.0.40219.1
Project("{FAE04EC0-301F-11D3-BF4B-00C04F79EFBC}") = "P2ReverseArray", "P2ReverseArray\P2ReverseArray.csproj", "{A027E512-B0E2-4935-999E-35D9F7E6A04C}"
EndProject
Global
	GlobalSection(SolutionConfigurationPlatforms) = preSolution
		Debug|Any CPU = Debug|Any CPU
		Release|Any CPU = Release|Any CPU
	EndGlobalSection
	GlobalSection(ProjectConfigurationPlatforms) = postSolution
		{A027E512-B0E2-4935-999E-35D9F7E6A04C}.Debug|Any CPU.ActiveCfg = Debug|Any CPU
		{A027E512-B0E2-4935-999E-35D9F7E6A04C}.Debug|Any CPU.Build.0 = Debug|Any CPU
		{A027E512-B0E2-4935-999E-35D9F7E6A04C}.Release|Any CPU.ActiveCfg = Release|Any CPU
		{A027E512-B0E2-4935-999E-35D9F7E6A04C}.Release|Any CPU.Build.0 = Release|Any CPU
	EndGlobalSection
	GlobalSection(SolutionProperties) = preSolution
		HideSolutionNode = FALSE
	EndGlobalSection
EndGlobal
